
Microsoft Visual Studio Solution File, Format Version 12.00
# Visual Studio Version 16
VisualStudioVersion = 16.0.29409.12
MinimumVisualStudioVersion = 10.0.40219.1
Project("{FAE04EC0-301F-11D3-BF4B-00C04F79EFBC}") = "MediaApp", "MediaApp\MediaApp.csproj", "{BF58FCF7-6ED9-4631-9171-31CACDFD9661}"
EndProject
Global
	GlobalSection(SolutionConfigurationPlatforms) = preSolution
		Debug|Any CPU = Debug|Any CPU
		Release|Any CPU = Release|Any CPU
	EndGlobalSection
	GlobalSection(ProjectConfigurationPlatforms) = postSolution
		{BF58FCF7-6ED9-4631-9171-31CACDFD9661}.Debug|Any CPU.ActiveCfg = Debug|Any CPU
		{BF58FCF7-6ED9-4631-9171-31CACDFD9661}.Debug|Any CPU.Build.0 = Debug|Any CPU
		{BF58FCF7-6ED9-4631-9171-31CACDFD9661}.Release|Any CPU.ActiveCfg = Release|Any CPU
		{BF58FCF7-6ED9-4631-9171-31CACDFD9661}.Release|Any CPU.Build.0 = Release|Any CPU
	EndGlobalSection
	GlobalSection(SolutionProperties) = preSolution
		HideSolutionNode = FALSE
	EndGlobalSection
	GlobalSection(ExtensibilityGlobals) = postSolution
		SolutionGuid = {BB1A9A86-CF99-4BC1-AEFE-8AB998C9F645}
	EndGlobalSection
EndGlobal
